
Microsoft Visual Studio Solution File, Format Version 12.00
Project("{FAE04EC0-301F-11D3-BF4B-00C04F79EFBC}") = "SparkExample", "SparkExample.csproj", "{504FED33-A69D-4B80-AEB0-CFBF7081C9BE}"
EndProject
Global
	GlobalSection(SolutionConfigurationPlatforms) = preSolution
		Debug|Any CPU = Debug|Any CPU
		Release|Any CPU = Release|Any CPU
	EndGlobalSection
	GlobalSection(ProjectConfigurationPlatforms) = postSolution
		{504FED33-A69D-4B80-AEB0-CFBF7081C9BE}.Debug|Any CPU.ActiveCfg = Debug|Any CPU
		{504FED33-A69D-4B80-AEB0-CFBF7081C9BE}.Debug|Any CPU.Build.0 = Debug|Any CPU
		{504FED33-A69D-4B80-AEB0-CFBF7081C9BE}.Release|Any CPU.ActiveCfg = Release|Any CPU
		{504FED33-A69D-4B80-AEB0-CFBF7081C9BE}.Release|Any CPU.Build.0 = Release|Any CPU
	EndGlobalSection
EndGlobal
